
Microsoft Visual Studio Solution File, Format Version 12.00
# Visual Studio Version 17
VisualStudioVersion = 17.4.33213.308
MinimumVisualStudioVersion = 10.0.40219.1
Project("{FAE04EC0-301F-11D3-BF4B-00C04F79EFBC}") = "Institution System", "Institution System.csproj", "{1563FEFA-C249-4697-90D6-F4B0FD0DD1FD}"
EndProject
Global
	GlobalSection(SolutionConfigurationPlatforms) = preSolution
		Debug|Any CPU = Debug|Any CPU
		Release|Any CPU = Release|Any CPU
	EndGlobalSection
	GlobalSection(ProjectConfigurationPlatforms) = postSolution
		{1563FEFA-C249-4697-90D6-F4B0FD0DD1FD}.Debug|Any CPU.ActiveCfg = Debug|Any CPU
		{1563FEFA-C249-4697-90D6-F4B0FD0DD1FD}.Debug|Any CPU.Build.0 = Debug|Any CPU
		{1563FEFA-C249-4697-90D6-F4B0FD0DD1FD}.Release|Any CPU.ActiveCfg = Release|Any CPU
		{1563FEFA-C249-4697-90D6-F4B0FD0DD1FD}.Release|Any CPU.Build.0 = Release|Any CPU
	EndGlobalSection
	GlobalSection(SolutionProperties) = preSolution
		HideSolutionNode = FALSE
	EndGlobalSection
	GlobalSection(ExtensibilityGlobals) = postSolution
		SolutionGuid = {3703A446-EA95-482E-A58B-C9627B184DBF}
	EndGlobalSection
EndGlobal
